
Microsoft Visual Studio Solution File, Format Version 12.00
# Visual Studio Version 16
VisualStudioVersion = 16.0.31515.178
MinimumVisualStudioVersion = 10.0.40219.1
Project("{FAE04EC0-301F-11D3-BF4B-00C04F79EFBC}") = "WebMvc.Example", "WebMvc.Example\WebMvc.Example.csproj", "{D0010EEA-4397-4322-8FFB-01685FCD3C2B}"
EndProject
Global
	GlobalSection(SolutionConfigurationPlatforms) = preSolution
		Debug|Any CPU = Debug|Any CPU
		Release|Any CPU = Release|Any CPU
	EndGlobalSection
	GlobalSection(ProjectConfigurationPlatforms) = postSolution
		{D0010EEA-4397-4322-8FFB-01685FCD3C2B}.Debug|Any CPU.ActiveCfg = Debug|Any CPU
		{D0010EEA-4397-4322-8FFB-01685FCD3C2B}.Debug|Any CPU.Build.0 = Debug|Any CPU
		{D0010EEA-4397-4322-8FFB-01685FCD3C2B}.Release|Any CPU.ActiveCfg = Release|Any CPU
		{D0010EEA-4397-4322-8FFB-01685FCD3C2B}.Release|Any CPU.Build.0 = Release|Any CPU
	EndGlobalSection
	GlobalSection(SolutionProperties) = preSolution
		HideSolutionNode = FALSE
	EndGlobalSection
	GlobalSection(ExtensibilityGlobals) = postSolution
		SolutionGuid = {264F65C6-837D-498F-A4CB-A1E5BCC8A182}
	EndGlobalSection
EndGlobal
