
Microsoft Visual Studio Solution File, Format Version 12.00
# Visual Studio Version 16
VisualStudioVersion = 16.0.31515.178
MinimumVisualStudioVersion = 10.0.40219.1
Project("{9A19103F-16F7-4668-BE54-9A1E7A4F7556}") = "LAP.EntityFrameworkCore", "LAP.EntityFrameworkCore\LAP.EntityFrameworkCore.csproj", "{1EAC4C9B-91B8-4325-9C67-AD4ECBCEE118}"
EndProject
Project("{9A19103F-16F7-4668-BE54-9A1E7A4F7556}") = "LAP.Common", "LAP.Common\LAP.Common.csproj", "{EDF69506-2FCA-4E47-983E-2EA03B512BB0}"
EndProject
Project("{9A19103F-16F7-4668-BE54-9A1E7A4F7556}") = "LAP.Web", "LAP.Web\LAP.Web.csproj", "{F6484C02-AC98-4345-8B0A-F9E2ACA1731A}"
EndProject
Project("{9A19103F-16F7-4668-BE54-9A1E7A4F7556}") = "LAP.Client", "LAP.Client\LAP.Client.csproj", "{47561BBE-AFAA-412C-83FF-8367190EC766}"
EndProject
Project("{2150E333-8FDC-42A3-9474-1A3956D46DE8}") = "test", "test", "{78AC8AE7-8036-450A-B071-C0B551416CCA}"
EndProject
Project("{FAE04EC0-301F-11D3-BF4B-00C04F79EFBC}") = "LAP.HttpClient.Test", "..\test\LAP.HttpClient.Test\LAP.HttpClient.Test.csproj", "{0D199554-7B57-4766-8085-C9481835A225}"
EndProject
Project("{2150E333-8FDC-42A3-9474-1A3956D46DE8}") = "http client sdk", "http client sdk", "{324D91D0-E9EE-4A76-8D47-7FC84A891354}"
EndProject
Project("{FAE04EC0-301F-11D3-BF4B-00C04F79EFBC}") = "LAP.HttpClient", "..\client\LAP.HttpClient\LAP.HttpClient.csproj", "{019A4E03-66D9-43DE-9F01-0B20425899BC}"
EndProject
Project("{2150E333-8FDC-42A3-9474-1A3956D46DE8}") = "example", "example", "{319778A8-8C73-40BD-94C1-B982DCFB6A5B}"
EndProject
Project("{FAE04EC0-301F-11D3-BF4B-00C04F79EFBC}") = "WebMvc.Example", "..\example\WebMvc.Example\WebMvc.Example.csproj", "{D0010EEA-4397-4322-8FFB-01685FCD3C2B}"
EndProject
Project("{9A19103F-16F7-4668-BE54-9A1E7A4F7556}") = "LAP.HttpClientCore", "..\client\LAP.HttpClientCore\LAP.HttpClientCore.csproj", "{7AEE57EA-15BE-421C-B848-077B64464EA3}"
EndProject
Project("{9A19103F-16F7-4668-BE54-9A1E7A4F7556}") = "LAP.HttpClientCore.Test", "..\test\LAP.HttpClientCore.Test\LAP.HttpClientCore.Test.csproj", "{5E7BC599-9330-42C8-9187-BC29DF76C2F3}"
EndProject
Project("{9A19103F-16F7-4668-BE54-9A1E7A4F7556}") = "LAP.Server", "LAP.Server\LAP.Server.csproj", "{5E5E89FE-D958-4FC1-9070-BA7B2036A2FF}"
EndProject
Project("{9A19103F-16F7-4668-BE54-9A1E7A4F7556}") = "LAP.RabbitMQ", "LAP.RabbitMQ\LAP.RabbitMQ.csproj", "{EBCC7E23-A530-4C0B-B873-E2DB720886F8}"
EndProject
Project("{9A19103F-16F7-4668-BE54-9A1E7A4F7556}") = "LAP.Test", "LAP.Test\LAP.Test.csproj", "{8B8B4B97-812C-44A4-828F-12B97F84BB3B}"
EndProject
Global
	GlobalSection(SolutionConfigurationPlatforms) = preSolution
		Debug|Any CPU = Debug|Any CPU
		Release|Any CPU = Release|Any CPU
	EndGlobalSection
	GlobalSection(ProjectConfigurationPlatforms) = postSolution
		{1EAC4C9B-91B8-4325-9C67-AD4ECBCEE118}.Debug|Any CPU.ActiveCfg = Debug|Any CPU
		{1EAC4C9B-91B8-4325-9C67-AD4ECBCEE118}.Debug|Any CPU.Build.0 = Debug|Any CPU
		{1EAC4C9B-91B8-4325-9C67-AD4ECBCEE118}.Release|Any CPU.ActiveCfg = Release|Any CPU
		{1EAC4C9B-91B8-4325-9C67-AD4ECBCEE118}.Release|Any CPU.Build.0 = Release|Any CPU
		{EDF69506-2FCA-4E47-983E-2EA03B512BB0}.Debug|Any CPU.ActiveCfg = Debug|Any CPU
		{EDF69506-2FCA-4E47-983E-2EA03B512BB0}.Debug|Any CPU.Build.0 = Debug|Any CPU
		{EDF69506-2FCA-4E47-983E-2EA03B512BB0}.Release|Any CPU.ActiveCfg = Release|Any CPU
		{EDF69506-2FCA-4E47-983E-2EA03B512BB0}.Release|Any CPU.Build.0 = Release|Any CPU
		{F6484C02-AC98-4345-8B0A-F9E2ACA1731A}.Debug|Any CPU.ActiveCfg = Debug|Any CPU
		{F6484C02-AC98-4345-8B0A-F9E2ACA1731A}.Debug|Any CPU.Build.0 = Debug|Any CPU
		{F6484C02-AC98-4345-8B0A-F9E2ACA1731A}.Release|Any CPU.ActiveCfg = Release|Any CPU
		{F6484C02-AC98-4345-8B0A-F9E2ACA1731A}.Release|Any CPU.Build.0 = Release|Any CPU
		{47561BBE-AFAA-412C-83FF-8367190EC766}.Debug|Any CPU.ActiveCfg = Debug|Any CPU
		{47561BBE-AFAA-412C-83FF-8367190EC766}.Debug|Any CPU.Build.0 = Debug|Any CPU
		{47561BBE-AFAA-412C-83FF-8367190EC766}.Release|Any CPU.ActiveCfg = Release|Any CPU
		{47561BBE-AFAA-412C-83FF-8367190EC766}.Release|Any CPU.Build.0 = Release|Any CPU
		{0D199554-7B57-4766-8085-C9481835A225}.Debug|Any CPU.ActiveCfg = Debug|Any CPU
		{0D199554-7B57-4766-8085-C9481835A225}.Debug|Any CPU.Build.0 = Debug|Any CPU
		{0D199554-7B57-4766-8085-C9481835A225}.Release|Any CPU.ActiveCfg = Release|Any CPU
		{0D199554-7B57-4766-8085-C9481835A225}.Release|Any CPU.Build.0 = Release|Any CPU
		{019A4E03-66D9-43DE-9F01-0B20425899BC}.Debug|Any CPU.ActiveCfg = Debug|Any CPU
		{019A4E03-66D9-43DE-9F01-0B20425899BC}.Debug|Any CPU.Build.0 = Debug|Any CPU
		{019A4E03-66D9-43DE-9F01-0B20425899BC}.Release|Any CPU.ActiveCfg = Release|Any CPU
		{019A4E03-66D9-43DE-9F01-0B20425899BC}.Release|Any CPU.Build.0 = Release|Any CPU
		{D0010EEA-4397-4322-8FFB-01685FCD3C2B}.Debug|Any CPU.ActiveCfg = Debug|Any CPU
		{D0010EEA-4397-4322-8FFB-01685FCD3C2B}.Debug|Any CPU.Build.0 = Debug|Any CPU
		{D0010EEA-4397-4322-8FFB-01685FCD3C2B}.Release|Any CPU.ActiveCfg = Release|Any CPU
		{D0010EEA-4397-4322-8FFB-01685FCD3C2B}.Release|Any CPU.Build.0 = Release|Any CPU
		{7AEE57EA-15BE-421C-B848-077B64464EA3}.Debug|Any CPU.ActiveCfg = Debug|Any CPU
		{7AEE57EA-15BE-421C-B848-077B64464EA3}.Debug|Any CPU.Build.0 = Debug|Any CPU
		{7AEE57EA-15BE-421C-B848-077B64464EA3}.Release|Any CPU.ActiveCfg = Release|Any CPU
		{7AEE57EA-15BE-421C-B848-077B64464EA3}.Release|Any CPU.Build.0 = Release|Any CPU
		{5E7BC599-9330-42C8-9187-BC29DF76C2F3}.Debug|Any CPU.ActiveCfg = Debug|Any CPU
		{5E7BC599-9330-42C8-9187-BC29DF76C2F3}.Debug|Any CPU.Build.0 = Debug|Any CPU
		{5E7BC599-9330-42C8-9187-BC29DF76C2F3}.Release|Any CPU.ActiveCfg = Release|Any CPU
		{5E7BC599-9330-42C8-9187-BC29DF76C2F3}.Release|Any CPU.Build.0 = Release|Any CPU
		{5E5E89FE-D958-4FC1-9070-BA7B2036A2FF}.Debug|Any CPU.ActiveCfg = Debug|Any CPU
		{5E5E89FE-D958-4FC1-9070-BA7B2036A2FF}.Debug|Any CPU.Build.0 = Debug|Any CPU
		{5E5E89FE-D958-4FC1-9070-BA7B2036A2FF}.Release|Any CPU.ActiveCfg = Release|Any CPU
		{5E5E89FE-D958-4FC1-9070-BA7B2036A2FF}.Release|Any CPU.Build.0 = Release|Any CPU
		{EBCC7E23-A530-4C0B-B873-E2DB720886F8}.Debug|Any CPU.ActiveCfg = Debug|Any CPU
		{EBCC7E23-A530-4C0B-B873-E2DB720886F8}.Debug|Any CPU.Build.0 = Debug|Any CPU
		{EBCC7E23-A530-4C0B-B873-E2DB720886F8}.Release|Any CPU.ActiveCfg = Release|Any CPU
		{EBCC7E23-A530-4C0B-B873-E2DB720886F8}.Release|Any CPU.Build.0 = Release|Any CPU
		{8B8B4B97-812C-44A4-828F-12B97F84BB3B}.Debug|Any CPU.ActiveCfg = Debug|Any CPU
		{8B8B4B97-812C-44A4-828F-12B97F84BB3B}.Debug|Any CPU.Build.0 = Debug|Any CPU
		{8B8B4B97-812C-44A4-828F-12B97F84BB3B}.Release|Any CPU.ActiveCfg = Release|Any CPU
		{8B8B4B97-812C-44A4-828F-12B97F84BB3B}.Release|Any CPU.Build.0 = Release|Any CPU
	EndGlobalSection
	GlobalSection(SolutionProperties) = preSolution
		HideSolutionNode = FALSE
	EndGlobalSection
	GlobalSection(NestedProjects) = preSolution
		{0D199554-7B57-4766-8085-C9481835A225} = {78AC8AE7-8036-450A-B071-C0B551416CCA}
		{019A4E03-66D9-43DE-9F01-0B20425899BC} = {324D91D0-E9EE-4A76-8D47-7FC84A891354}
		{D0010EEA-4397-4322-8FFB-01685FCD3C2B} = {319778A8-8C73-40BD-94C1-B982DCFB6A5B}
		{7AEE57EA-15BE-421C-B848-077B64464EA3} = {324D91D0-E9EE-4A76-8D47-7FC84A891354}
		{5E7BC599-9330-42C8-9187-BC29DF76C2F3} = {78AC8AE7-8036-450A-B071-C0B551416CCA}
		{8B8B4B97-812C-44A4-828F-12B97F84BB3B} = {78AC8AE7-8036-450A-B071-C0B551416CCA}
	EndGlobalSection
	GlobalSection(ExtensibilityGlobals) = postSolution
		SolutionGuid = {A973D6B3-D9BF-4F38-942C-37E4CB4C01AB}
	EndGlobalSection
EndGlobal
