
Microsoft Visual Studio Solution File, Format Version 12.00
# Visual Studio Version 16
VisualStudioVersion = 16.0.31515.178
MinimumVisualStudioVersion = 10.0.40219.1
Project("{9A19103F-16F7-4668-BE54-9A1E7A4F7556}") = "LAP.EntityFrameworkCore", "LAP.EntityFrameworkCore\LAP.EntityFrameworkCore.csproj", "{1EAC4C9B-91B8-4325-9C67-AD4ECBCEE118}"
EndProject
Project("{9A19103F-16F7-4668-BE54-9A1E7A4F7556}") = "LAP.Common", "LAP.Common\LAP.Common.csproj", "{EDF69506-2FCA-4E47-983E-2EA03B512BB0}"
EndProject
Project("{9A19103F-16F7-4668-BE54-9A1E7A4F7556}") = "LAP.Web", "LAP.Web\LAP.Web.csproj", "{F6484C02-AC98-4345-8B0A-F9E2ACA1731A}"
EndProject
Project("{9A19103F-16F7-4668-BE54-9A1E7A4F7556}") = "LAP.Client", "LAP.Client\LAP.Client.csproj", "{47561BBE-AFAA-412C-83FF-8367190EC766}"
EndProject
Project("{2150E333-8FDC-42A3-9474-1A3956D46DE8}") = "test", "test", "{78AC8AE7-8036-450A-B071-C0B551416CCA}"
EndProject
Project("{FAE04EC0-301F-11D3-BF4B-00C04F79EFBC}") = "LAP.HttpClient.Test", "..\test\LAP.HttpClient.Test\LAP.HttpClient.Test.csproj", "{0D199554-7B57-4766-8085-C9481835A225}"
EndProject
Project("{2150E333-8FDC-42A3-9474-1A3956D46DE8}") = "client", "client", "{324D91D0-E9EE-4A76-8D47-7FC84A891354}"
EndProject
Project("{FAE04EC0-301F-11D3-BF4B-00C04F79EFBC}") = "LAP.HttpClient", "..\client\LAP.HttpClient\LAP.HttpClient.csproj", "{019A4E03-66D9-43DE-9F01-0B20425899BC}"
EndProject
Project("{2150E333-8FDC-42A3-9474-1A3956D46DE8}") = "example", "example", "{319778A8-8C73-40BD-94C1-B982DCFB6A5B}"
EndProject
Global
	GlobalSection(SolutionConfigurationPlatforms) = preSolution
		Debug|Any CPU = Debug|Any CPU
		Release|Any CPU = Release|Any CPU
	EndGlobalSection
	GlobalSection(ProjectConfigurationPlatforms) = postSolution
		{1EAC4C9B-91B8-4325-9C67-AD4ECBCEE118}.Debug|Any CPU.ActiveCfg = Debug|Any CPU
		{1EAC4C9B-91B8-4325-9C67-AD4ECBCEE118}.Debug|Any CPU.Build.0 = Debug|Any CPU
		{1EAC4C9B-91B8-4325-9C67-AD4ECBCEE118}.Release|Any CPU.ActiveCfg = Release|Any CPU
		{1EAC4C9B-91B8-4325-9C67-AD4ECBCEE118}.Release|Any CPU.Build.0 = Release|Any CPU
		{EDF69506-2FCA-4E47-983E-2EA03B512BB0}.Debug|Any CPU.ActiveCfg = Debug|Any CPU
		{EDF69506-2FCA-4E47-983E-2EA03B512BB0}.Debug|Any CPU.Build.0 = Debug|Any CPU
		{EDF69506-2FCA-4E47-983E-2EA03B512BB0}.Release|Any CPU.ActiveCfg = Release|Any CPU
		{EDF69506-2FCA-4E47-983E-2EA03B512BB0}.Release|Any CPU.Build.0 = Release|Any CPU
		{F6484C02-AC98-4345-8B0A-F9E2ACA1731A}.Debug|Any CPU.ActiveCfg = Debug|Any CPU
		{F6484C02-AC98-4345-8B0A-F9E2ACA1731A}.Debug|Any CPU.Build.0 = Debug|Any CPU
		{F6484C02-AC98-4345-8B0A-F9E2ACA1731A}.Release|Any CPU.ActiveCfg = Release|Any CPU
		{F6484C02-AC98-4345-8B0A-F9E2ACA1731A}.Release|Any CPU.Build.0 = Release|Any CPU
		{47561BBE-AFAA-412C-83FF-8367190EC766}.Debug|Any CPU.ActiveCfg = Debug|Any CPU
		{47561BBE-AFAA-412C-83FF-8367190EC766}.Debug|Any CPU.Build.0 = Debug|Any CPU
		{47561BBE-AFAA-412C-83FF-8367190EC766}.Release|Any CPU.ActiveCfg = Release|Any CPU
		{47561BBE-AFAA-412C-83FF-8367190EC766}.Release|Any CPU.Build.0 = Release|Any CPU
		{0D199554-7B57-4766-8085-C9481835A225}.Debug|Any CPU.ActiveCfg = Debug|Any CPU
		{0D199554-7B57-4766-8085-C9481835A225}.Debug|Any CPU.Build.0 = Debug|Any CPU
		{0D199554-7B57-4766-8085-C9481835A225}.Release|Any CPU.ActiveCfg = Release|Any CPU
		{0D199554-7B57-4766-8085-C9481835A225}.Release|Any CPU.Build.0 = Release|Any CPU
		{019A4E03-66D9-43DE-9F01-0B20425899BC}.Debug|Any CPU.ActiveCfg = Debug|Any CPU
		{019A4E03-66D9-43DE-9F01-0B20425899BC}.Debug|Any CPU.Build.0 = Debug|Any CPU
		{019A4E03-66D9-43DE-9F01-0B20425899BC}.Release|Any CPU.ActiveCfg = Release|Any CPU
		{019A4E03-66D9-43DE-9F01-0B20425899BC}.Release|Any CPU.Build.0 = Release|Any CPU
	EndGlobalSection
	GlobalSection(SolutionProperties) = preSolution
		HideSolutionNode = FALSE
	EndGlobalSection
	GlobalSection(NestedProjects) = preSolution
		{0D199554-7B57-4766-8085-C9481835A225} = {78AC8AE7-8036-450A-B071-C0B551416CCA}
		{019A4E03-66D9-43DE-9F01-0B20425899BC} = {324D91D0-E9EE-4A76-8D47-7FC84A891354}
	EndGlobalSection
	GlobalSection(ExtensibilityGlobals) = postSolution
		SolutionGuid = {A973D6B3-D9BF-4F38-942C-37E4CB4C01AB}
	EndGlobalSection
EndGlobal
